
Microsoft Visual Studio Solution File, Format Version 12.00
# Visual Studio Version 17
VisualStudioVersion = 17.11.35303.130
MinimumVisualStudioVersion = 10.0.40219.1
Project("{8BC9CEB8-8B4A-11D0-8D11-00A0C91BC942}") = "xin2", "xin2.vcxproj", "{D552DFBC-410A-44D7-8C22-11ACF31E3FFE}"
EndProject
Global
	GlobalSection(SolutionConfigurationPlatforms) = preSolution
		Debug|x64 = Debug|x64
		Debug|x86 = Debug|x86
		Release|x64 = Release|x64
		Release|x86 = Release|x86
	EndGlobalSection
	GlobalSection(ProjectConfigurationPlatforms) = postSolution
		{D552DFBC-410A-44D7-8C22-11ACF31E3FFE}.Debug|x64.ActiveCfg = Debug|x64
		{D552DFBC-410A-44D7-8C22-11ACF31E3FFE}.Debug|x64.Build.0 = Debug|x64
		{D552DFBC-410A-44D7-8C22-11ACF31E3FFE}.Debug|x86.ActiveCfg = Debug|Win32
		{D552DFBC-410A-44D7-8C22-11ACF31E3FFE}.Debug|x86.Build.0 = Debug|Win32
		{D552DFBC-410A-44D7-8C22-11ACF31E3FFE}.Release|x64.ActiveCfg = Release|x64
		{D552DFBC-410A-44D7-8C22-11ACF31E3FFE}.Release|x64.Build.0 = Release|x64
		{D552DFBC-410A-44D7-8C22-11ACF31E3FFE}.Release|x86.ActiveCfg = Release|Win32
		{D552DFBC-410A-44D7-8C22-11ACF31E3FFE}.Release|x86.Build.0 = Release|Win32
	EndGlobalSection
	GlobalSection(SolutionProperties) = preSolution
		HideSolutionNode = FALSE
	EndGlobalSection
	GlobalSection(ExtensibilityGlobals) = postSolution
		SolutionGuid = {97F8A34C-4BC8-48D8-B1FE-C42ABF2B19B9}
	EndGlobalSection
EndGlobal
